
Microsoft Visual Studio Solution File, Format Version 12.00
# Visual Studio Version 16
VisualStudioVersion = 16.0.31624.102
MinimumVisualStudioVersion = 10.0.40219.1
Project("{FAE04EC0-301F-11D3-BF4B-00C04F79EFBC}") = "SampleRESTfulS3Plugin", "SampleRESTfulS3Plugin.csproj", "{7C9CBE11-70A6-4DB6-BBA6-47ABB31595D0}"
EndProject
Global
	GlobalSection(SolutionConfigurationPlatforms) = preSolution
		Debug|Any CPU = Debug|Any CPU
		Release|Any CPU = Release|Any CPU
	EndGlobalSection
	GlobalSection(ProjectConfigurationPlatforms) = postSolution
		{7C9CBE11-70A6-4DB6-BBA6-47ABB31595D0}.Debug|Any CPU.ActiveCfg = Debug|Any CPU
		{7C9CBE11-70A6-4DB6-BBA6-47ABB31595D0}.Debug|Any CPU.Build.0 = Debug|Any CPU
		{7C9CBE11-70A6-4DB6-BBA6-47ABB31595D0}.Release|Any CPU.ActiveCfg = Release|Any CPU
		{7C9CBE11-70A6-4DB6-BBA6-47ABB31595D0}.Release|Any CPU.Build.0 = Release|Any CPU
	EndGlobalSection
	GlobalSection(SolutionProperties) = preSolution
		HideSolutionNode = FALSE
	EndGlobalSection
	GlobalSection(ExtensibilityGlobals) = postSolution
		SolutionGuid = {FB2D21CE-7BF7-41D8-943A-E8D467E7235B}
	EndGlobalSection
EndGlobal
